
Microsoft Visual Studio Solution File, Format Version 12.00
# Visual Studio Version 16
VisualStudioVersion = 16.0.33927.289
MinimumVisualStudioVersion = 10.0.40219.1
Project("{2150E333-8FDC-42A3-9474-1A3956D46DE8}") = "Task0", "Task0", "{6CA5D921-95C7-4B20-AA02-E7D317A72230}"
EndProject
Project("{FAE04EC0-301F-11D3-BF4B-00C04F79EFBC}") = "Tyuiu.MedvedevA.Sprint1.Task0.V5", "Tyuiu.MedvedevA.Sprint1.Task0.V5\Tyuiu.MedvedevA.Sprint1.Task0.V5.csproj", "{BFE76545-3616-4335-9B20-683F8FF07AAE}"
EndProject
Project("{FAE04EC0-301F-11D3-BF4B-00C04F79EFBC}") = "Tyuiu.MedvedevA.Sprint1.Task0.V5.Lib", "Tyuiu.MedvedevA.Sprint1.Task0.V5.Lib\Tyuiu.MedvedevA.Sprint1.Task0.V5.Lib.csproj", "{55CCAC6A-1C74-4492-817F-96981BADBBE0}"
EndProject
Project("{FAE04EC0-301F-11D3-BF4B-00C04F79EFBC}") = "Tyuiu.MedvedevA.Sprint1.Task0.V5.Test", "Tyuiu.MedvedevA.Sprint1.Task0.V5.Test\Tyuiu.MedvedevA.Sprint1.Task0.V5.Test.csproj", "{BF705FAD-4B77-4A75-9626-256E484060F4}"
EndProject
Project("{2150E333-8FDC-42A3-9474-1A3956D46DE8}") = "Task1", "Task1", "{5102B779-9005-46F3-9A47-9EF2C4929AD7}"
EndProject
Project("{FAE04EC0-301F-11D3-BF4B-00C04F79EFBC}") = "Tyuiu.MedvedevA.Sprint1.Task1.V22", "Tyuiu.MedvedevA.Sprint1.Task1.V22\Tyuiu.MedvedevA.Sprint1.Task1.V22.csproj", "{A221E0AC-6D9C-4745-8133-01EB23083097}"
EndProject
Project("{FAE04EC0-301F-11D3-BF4B-00C04F79EFBC}") = "Tyuiu.MedvedevA.Sprint1.Task1.V22.Lib", "Tyuiu.MedvedevA.Sprint1.Task1.V22.Lib\Tyuiu.MedvedevA.Sprint1.Task1.V22.Lib.csproj", "{27886199-F012-48C4-AFCA-37BEBA97CE4E}"
EndProject
Project("{FAE04EC0-301F-11D3-BF4B-00C04F79EFBC}") = "Tyuiu.MedvedevA.Sprint1.Task1.V22.Test", "Tyuiu.MedvedevA.Sprint1.Task1.V22.Test\Tyuiu.MedvedevA.Sprint1.Task1.V22.Test.csproj", "{3D0407FF-E8F4-4AE2-944E-9D036711BBC6}"
EndProject
Project("{2150E333-8FDC-42A3-9474-1A3956D46DE8}") = "Task2", "Task2", "{138FEC2E-E567-49C7-A803-E742B90CD2D6}"
EndProject
Project("{FAE04EC0-301F-11D3-BF4B-00C04F79EFBC}") = "Tyuiu.MedvedevA.Sprint1.Task2.V15", "Tyuiu.MedvedevA.Sprint1.Task2.V15\Tyuiu.MedvedevA.Sprint1.Task2.V15.csproj", "{CDE9E5A0-7FA1-43C3-A481-BBE92FC42CAF}"
EndProject
Project("{FAE04EC0-301F-11D3-BF4B-00C04F79EFBC}") = "Tyuiu.MedvedevA.Sprint1.Task2.V15.Lib", "Tyuiu.MedvedevA.Sprint1.Task2.V15.Lib\Tyuiu.MedvedevA.Sprint1.Task2.V15.Lib.csproj", "{DBBD9806-AD8C-4671-89F2-0E859DC9CB2E}"
EndProject
Project("{FAE04EC0-301F-11D3-BF4B-00C04F79EFBC}") = "Tyuiu.MedvedevA.Sprint1.Task2.V15.Test", "Tyuiu.MedvedevA.Sprint1.Task2.V15.Test\Tyuiu.MedvedevA.Sprint1.Task2.V15.Test.csproj", "{E1D48AC5-7792-464E-A471-D18ABBF302AC}"
EndProject
Project("{2150E333-8FDC-42A3-9474-1A3956D46DE8}") = "Task3", "Task3", "{CCE6713E-80F8-4D8E-9550-1BD848562ACF}"
EndProject
Project("{FAE04EC0-301F-11D3-BF4B-00C04F79EFBC}") = "Tyuiu.MedvedevA.Sprint1.Task3.V15", "Tyuiu.MedvedevA.Sprint1.Task3.V15\Tyuiu.MedvedevA.Sprint1.Task3.V15.csproj", "{32320EB1-D494-42EB-A053-5D06E2B4B427}"
EndProject
Project("{FAE04EC0-301F-11D3-BF4B-00C04F79EFBC}") = "Tyuiu.MedvedevA.Sprint1.Task3.V15.Lib", "Tyuiu.MedvedevA.Sprint1.Task3.V15.Lib\Tyuiu.MedvedevA.Sprint1.Task3.V15.Lib.csproj", "{932C41C6-8C89-43D6-B6D2-0A78D32380AF}"
EndProject
Project("{FAE04EC0-301F-11D3-BF4B-00C04F79EFBC}") = "Tyuiu.MedvedevA.Sprint1.Task3.V15.Test", "Tyuiu.MedvedevA.Sprint1.Task3.V15.Test\Tyuiu.MedvedevA.Sprint1.Task3.V15.Test.csproj", "{B79539D7-4C3B-4548-A3D9-D0132021F2AA}"
EndProject
Project("{2150E333-8FDC-42A3-9474-1A3956D46DE8}") = "Task4", "Task4", "{476CA26F-263E-4ECF-A10B-1BA2E4F945A2}"
EndProject
Project("{FAE04EC0-301F-11D3-BF4B-00C04F79EFBC}") = "Tyuiu.MedvedevA.Sprint1.Task4.V29", "Tyuiu.MedvedevA.Sprint1.Task4.V29\Tyuiu.MedvedevA.Sprint1.Task4.V29.csproj", "{500A80A9-259B-43F1-B61F-D00E969C046D}"
EndProject
Project("{FAE04EC0-301F-11D3-BF4B-00C04F79EFBC}") = "Tyuiu.MedvedevA.Sprint1.Task4.V29.Lib", "Tyuiu.MedvedevA.Sprint1.Task4.V29.Lib\Tyuiu.MedvedevA.Sprint1.Task4.V29.Lib.csproj", "{C5251F7E-1F8D-4C97-B466-ABDF861D0705}"
EndProject
Project("{FAE04EC0-301F-11D3-BF4B-00C04F79EFBC}") = "Tyuiu.MedvedevA.Sprint1.Task4.V29.Test", "Tyuiu.MedvedevA.Sprint1.Task4.V29.Test\Tyuiu.MedvedevA.Sprint1.Task4.V29.Test.csproj", "{5D19BA71-DEE0-4D68-9C9E-E780DBB90920}"
EndProject
Project("{2150E333-8FDC-42A3-9474-1A3956D46DE8}") = "Task5", "Task5", "{D825EF69-ACAB-4008-A225-F54A7503BB89}"
EndProject
Project("{FAE04EC0-301F-11D3-BF4B-00C04F79EFBC}") = "Tyuiu.MedvedevA.Sprint1.Task5.V2", "Tyuiu.MedvedevA.Sprint1.Task5.V2\Tyuiu.MedvedevA.Sprint1.Task5.V2.csproj", "{0CFC4CBC-D3AE-425B-B4E5-DCF7F0E88C5E}"
EndProject
Project("{FAE04EC0-301F-11D3-BF4B-00C04F79EFBC}") = "Tyuiu.MedvedevA.Sprint1.Task5.V2.Lib", "Tyuiu.MedvedevA.Sprint1.Task5.V2.Lib\Tyuiu.MedvedevA.Sprint1.Task5.V2.Lib.csproj", "{CE190D66-BA8B-4827-B3E2-7FCE3322CC14}"
EndProject
Project("{FAE04EC0-301F-11D3-BF4B-00C04F79EFBC}") = "Tyuiu.MedvedevA.Sprint1.Task5.V2.Test", "Tyuiu.MedvedevA.Sprint1.Task5.V2.Test\Tyuiu.MedvedevA.Sprint1.Task5.V2.Test.csproj", "{40A6EBA1-81F4-4610-BB6F-B6617EA674D9}"
EndProject
Project("{2150E333-8FDC-42A3-9474-1A3956D46DE8}") = "Task6", "Task6", "{CCA4D402-E5F7-4F09-802E-5B1CFFF4CCD0}"
EndProject
Project("{FAE04EC0-301F-11D3-BF4B-00C04F79EFBC}") = "Tyuiu.MedvedevA.Sprint1.Task6.V1", "Tyuiu.MedvedevA.Sprint1.Task6.V1\Tyuiu.MedvedevA.Sprint1.Task6.V1.csproj", "{5182DD91-D650-456E-AD5A-1AA306C99CDC}"
EndProject
Project("{FAE04EC0-301F-11D3-BF4B-00C04F79EFBC}") = "Tyuiu.MedvedevA.Sprint1.Task6.V1.Lib", "Tyuiu.MedvedevA.Sprint1.Task6.V1.Lib\Tyuiu.MedvedevA.Sprint1.Task6.V1.Lib.csproj", "{2A138B76-D836-41BF-8B13-C25062539AFA}"
EndProject
Project("{FAE04EC0-301F-11D3-BF4B-00C04F79EFBC}") = "Tyuiu.MedvedevA.Sprint1.Task6.V1.Test", "Tyuiu.MedvedevA.Sprint1.Task6.V1.Test\Tyuiu.MedvedevA.Sprint1.Task6.V1.Test.csproj", "{4F98E954-4C94-47AB-8B25-46172579C592}"
EndProject
Project("{2150E333-8FDC-42A3-9474-1A3956D46DE8}") = "Task7", "Task7", "{E5D91D6F-18F0-43D0-B0B7-FEE205268B20}"
EndProject
Project("{FAE04EC0-301F-11D3-BF4B-00C04F79EFBC}") = "Tyuiu.MedvedevA.Sprint1.Task7.V10", "Tyuiu.MedvedevA.Sprint1.Task7.V10\Tyuiu.MedvedevA.Sprint1.Task7.V10.csproj", "{58294C9E-E192-4652-A44D-57F618600C58}"
EndProject
Project("{FAE04EC0-301F-11D3-BF4B-00C04F79EFBC}") = "Tyuiu.MedvedevA.Sprint1.Task7.V10.Lib", "Tyuiu.MedvedevA.Sprint1.Task7.V10.Lib\Tyuiu.MedvedevA.Sprint1.Task7.V10.Lib.csproj", "{9292F724-3E22-4972-9675-B64C987B7809}"
EndProject
Project("{FAE04EC0-301F-11D3-BF4B-00C04F79EFBC}") = "Tyuiu.MedvedevA.Sprint1.Task7.V10.Test", "Tyuiu.MedvedevA.Sprint1.Task7.V10.Test\Tyuiu.MedvedevA.Sprint1.Task7.V10.Test.csproj", "{57CD6F32-16CD-445B-84A0-F8A0D1324096}"
EndProject
Global
	GlobalSection(SolutionConfigurationPlatforms) = preSolution
		Debug|Any CPU = Debug|Any CPU
		Release|Any CPU = Release|Any CPU
	EndGlobalSection
	GlobalSection(ProjectConfigurationPlatforms) = postSolution
		{BFE76545-3616-4335-9B20-683F8FF07AAE}.Debug|Any CPU.ActiveCfg = Debug|Any CPU
		{BFE76545-3616-4335-9B20-683F8FF07AAE}.Debug|Any CPU.Build.0 = Debug|Any CPU
		{BFE76545-3616-4335-9B20-683F8FF07AAE}.Release|Any CPU.ActiveCfg = Release|Any CPU
		{BFE76545-3616-4335-9B20-683F8FF07AAE}.Release|Any CPU.Build.0 = Release|Any CPU
		{55CCAC6A-1C74-4492-817F-96981BADBBE0}.Debug|Any CPU.ActiveCfg = Debug|Any CPU
		{55CCAC6A-1C74-4492-817F-96981BADBBE0}.Debug|Any CPU.Build.0 = Debug|Any CPU
		{55CCAC6A-1C74-4492-817F-96981BADBBE0}.Release|Any CPU.ActiveCfg = Release|Any CPU
		{55CCAC6A-1C74-4492-817F-96981BADBBE0}.Release|Any CPU.Build.0 = Release|Any CPU
		{BF705FAD-4B77-4A75-9626-256E484060F4}.Debug|Any CPU.ActiveCfg = Debug|Any CPU
		{BF705FAD-4B77-4A75-9626-256E484060F4}.Debug|Any CPU.Build.0 = Debug|Any CPU
		{BF705FAD-4B77-4A75-9626-256E484060F4}.Release|Any CPU.ActiveCfg = Release|Any CPU
		{BF705FAD-4B77-4A75-9626-256E484060F4}.Release|Any CPU.Build.0 = Release|Any CPU
		{A221E0AC-6D9C-4745-8133-01EB23083097}.Debug|Any CPU.ActiveCfg = Debug|Any CPU
		{A221E0AC-6D9C-4745-8133-01EB23083097}.Debug|Any CPU.Build.0 = Debug|Any CPU
		{A221E0AC-6D9C-4745-8133-01EB23083097}.Release|Any CPU.ActiveCfg = Release|Any CPU
		{A221E0AC-6D9C-4745-8133-01EB23083097}.Release|Any CPU.Build.0 = Release|Any CPU
		{27886199-F012-48C4-AFCA-37BEBA97CE4E}.Debug|Any CPU.ActiveCfg = Debug|Any CPU
		{27886199-F012-48C4-AFCA-37BEBA97CE4E}.Debug|Any CPU.Build.0 = Debug|Any CPU
		{27886199-F012-48C4-AFCA-37BEBA97CE4E}.Release|Any CPU.ActiveCfg = Release|Any CPU
		{27886199-F012-48C4-AFCA-37BEBA97CE4E}.Release|Any CPU.Build.0 = Release|Any CPU
		{3D0407FF-E8F4-4AE2-944E-9D036711BBC6}.Debug|Any CPU.ActiveCfg = Debug|Any CPU
		{3D0407FF-E8F4-4AE2-944E-9D036711BBC6}.Debug|Any CPU.Build.0 = Debug|Any CPU
		{3D0407FF-E8F4-4AE2-944E-9D036711BBC6}.Release|Any CPU.ActiveCfg = Release|Any CPU
		{3D0407FF-E8F4-4AE2-944E-9D036711BBC6}.Release|Any CPU.Build.0 = Release|Any CPU
		{CDE9E5A0-7FA1-43C3-A481-BBE92FC42CAF}.Debug|Any CPU.ActiveCfg = Debug|Any CPU
		{CDE9E5A0-7FA1-43C3-A481-BBE92FC42CAF}.Debug|Any CPU.Build.0 = Debug|Any CPU
		{CDE9E5A0-7FA1-43C3-A481-BBE92FC42CAF}.Release|Any CPU.ActiveCfg = Release|Any CPU
		{CDE9E5A0-7FA1-43C3-A481-BBE92FC42CAF}.Release|Any CPU.Build.0 = Release|Any CPU
		{DBBD9806-AD8C-4671-89F2-0E859DC9CB2E}.Debug|Any CPU.ActiveCfg = Debug|Any CPU
		{DBBD9806-AD8C-4671-89F2-0E859DC9CB2E}.Debug|Any CPU.Build.0 = Debug|Any CPU
		{DBBD9806-AD8C-4671-89F2-0E859DC9CB2E}.Release|Any CPU.ActiveCfg = Release|Any CPU
		{DBBD9806-AD8C-4671-89F2-0E859DC9CB2E}.Release|Any CPU.Build.0 = Release|Any CPU
		{E1D48AC5-7792-464E-A471-D18ABBF302AC}.Debug|Any CPU.ActiveCfg = Debug|Any CPU
		{E1D48AC5-7792-464E-A471-D18ABBF302AC}.Debug|Any CPU.Build.0 = Debug|Any CPU
		{E1D48AC5-7792-464E-A471-D18ABBF302AC}.Release|Any CPU.ActiveCfg = Release|Any CPU
		{E1D48AC5-7792-464E-A471-D18ABBF302AC}.Release|Any CPU.Build.0 = Release|Any CPU
		{32320EB1-D494-42EB-A053-5D06E2B4B427}.Debug|Any CPU.ActiveCfg = Debug|Any CPU
		{32320EB1-D494-42EB-A053-5D06E2B4B427}.Debug|Any CPU.Build.0 = Debug|Any CPU
		{32320EB1-D494-42EB-A053-5D06E2B4B427}.Release|Any CPU.ActiveCfg = Release|Any CPU
		{32320EB1-D494-42EB-A053-5D06E2B4B427}.Release|Any CPU.Build.0 = Release|Any CPU
		{932C41C6-8C89-43D6-B6D2-0A78D32380AF}.Debug|Any CPU.ActiveCfg = Debug|Any CPU
		{932C41C6-8C89-43D6-B6D2-0A78D32380AF}.Debug|Any CPU.Build.0 = Debug|Any CPU
		{932C41C6-8C89-43D6-B6D2-0A78D32380AF}.Release|Any CPU.ActiveCfg = Release|Any CPU
		{932C41C6-8C89-43D6-B6D2-0A78D32380AF}.Release|Any CPU.Build.0 = Release|Any CPU
		{B79539D7-4C3B-4548-A3D9-D0132021F2AA}.Debug|Any CPU.ActiveCfg = Debug|Any CPU
		{B79539D7-4C3B-4548-A3D9-D0132021F2AA}.Debug|Any CPU.Build.0 = Debug|Any CPU
		{B79539D7-4C3B-4548-A3D9-D0132021F2AA}.Release|Any CPU.ActiveCfg = Release|Any CPU
		{B79539D7-4C3B-4548-A3D9-D0132021F2AA}.Release|Any CPU.Build.0 = Release|Any CPU
		{500A80A9-259B-43F1-B61F-D00E969C046D}.Debug|Any CPU.ActiveCfg = Debug|Any CPU
		{500A80A9-259B-43F1-B61F-D00E969C046D}.Debug|Any CPU.Build.0 = Debug|Any CPU
		{500A80A9-259B-43F1-B61F-D00E969C046D}.Release|Any CPU.ActiveCfg = Release|Any CPU
		{500A80A9-259B-43F1-B61F-D00E969C046D}.Release|Any CPU.Build.0 = Release|Any CPU
		{C5251F7E-1F8D-4C97-B466-ABDF861D0705}.Debug|Any CPU.ActiveCfg = Debug|Any CPU
		{C5251F7E-1F8D-4C97-B466-ABDF861D0705}.Debug|Any CPU.Build.0 = Debug|Any CPU
		{C5251F7E-1F8D-4C97-B466-ABDF861D0705}.Release|Any CPU.ActiveCfg = Release|Any CPU
		{C5251F7E-1F8D-4C97-B466-ABDF861D0705}.Release|Any CPU.Build.0 = Release|Any CPU
		{5D19BA71-DEE0-4D68-9C9E-E780DBB90920}.Debug|Any CPU.ActiveCfg = Debug|Any CPU
		{5D19BA71-DEE0-4D68-9C9E-E780DBB90920}.Debug|Any CPU.Build.0 = Debug|Any CPU
		{5D19BA71-DEE0-4D68-9C9E-E780DBB90920}.Release|Any CPU.ActiveCfg = Release|Any CPU
		{5D19BA71-DEE0-4D68-9C9E-E780DBB90920}.Release|Any CPU.Build.0 = Release|Any CPU
		{0CFC4CBC-D3AE-425B-B4E5-DCF7F0E88C5E}.Debug|Any CPU.ActiveCfg = Debug|Any CPU
		{0CFC4CBC-D3AE-425B-B4E5-DCF7F0E88C5E}.Debug|Any CPU.Build.0 = Debug|Any CPU
		{0CFC4CBC-D3AE-425B-B4E5-DCF7F0E88C5E}.Release|Any CPU.ActiveCfg = Release|Any CPU
		{0CFC4CBC-D3AE-425B-B4E5-DCF7F0E88C5E}.Release|Any CPU.Build.0 = Release|Any CPU
		{CE190D66-BA8B-4827-B3E2-7FCE3322CC14}.Debug|Any CPU.ActiveCfg = Debug|Any CPU
		{CE190D66-BA8B-4827-B3E2-7FCE3322CC14}.Debug|Any CPU.Build.0 = Debug|Any CPU
		{CE190D66-BA8B-4827-B3E2-7FCE3322CC14}.Release|Any CPU.ActiveCfg = Release|Any CPU
		{CE190D66-BA8B-4827-B3E2-7FCE3322CC14}.Release|Any CPU.Build.0 = Release|Any CPU
		{40A6EBA1-81F4-4610-BB6F-B6617EA674D9}.Debug|Any CPU.ActiveCfg = Debug|Any CPU
		{40A6EBA1-81F4-4610-BB6F-B6617EA674D9}.Debug|Any CPU.Build.0 = Debug|Any CPU
		{40A6EBA1-81F4-4610-BB6F-B6617EA674D9}.Release|Any CPU.ActiveCfg = Release|Any CPU
		{40A6EBA1-81F4-4610-BB6F-B6617EA674D9}.Release|Any CPU.Build.0 = Release|Any CPU
		{5182DD91-D650-456E-AD5A-1AA306C99CDC}.Debug|Any CPU.ActiveCfg = Debug|Any CPU
		{5182DD91-D650-456E-AD5A-1AA306C99CDC}.Debug|Any CPU.Build.0 = Debug|Any CPU
		{5182DD91-D650-456E-AD5A-1AA306C99CDC}.Release|Any CPU.ActiveCfg = Release|Any CPU
		{5182DD91-D650-456E-AD5A-1AA306C99CDC}.Release|Any CPU.Build.0 = Release|Any CPU
		{2A138B76-D836-41BF-8B13-C25062539AFA}.Debug|Any CPU.ActiveCfg = Debug|Any CPU
		{2A138B76-D836-41BF-8B13-C25062539AFA}.Debug|Any CPU.Build.0 = Debug|Any CPU
		{2A138B76-D836-41BF-8B13-C25062539AFA}.Release|Any CPU.ActiveCfg = Release|Any CPU
		{2A138B76-D836-41BF-8B13-C25062539AFA}.Release|Any CPU.Build.0 = Release|Any CPU
		{4F98E954-4C94-47AB-8B25-46172579C592}.Debug|Any CPU.ActiveCfg = Debug|Any CPU
		{4F98E954-4C94-47AB-8B25-46172579C592}.Debug|Any CPU.Build.0 = Debug|Any CPU
		{4F98E954-4C94-47AB-8B25-46172579C592}.Release|Any CPU.ActiveCfg = Release|Any CPU
		{4F98E954-4C94-47AB-8B25-46172579C592}.Release|Any CPU.Build.0 = Release|Any CPU
		{58294C9E-E192-4652-A44D-57F618600C58}.Debug|Any CPU.ActiveCfg = Debug|Any CPU
		{58294C9E-E192-4652-A44D-57F618600C58}.Debug|Any CPU.Build.0 = Debug|Any CPU
		{58294C9E-E192-4652-A44D-57F618600C58}.Release|Any CPU.ActiveCfg = Release|Any CPU
		{58294C9E-E192-4652-A44D-57F618600C58}.Release|Any CPU.Build.0 = Release|Any CPU
		{9292F724-3E22-4972-9675-B64C987B7809}.Debug|Any CPU.ActiveCfg = Debug|Any CPU
		{9292F724-3E22-4972-9675-B64C987B7809}.Debug|Any CPU.Build.0 = Debug|Any CPU
		{9292F724-3E22-4972-9675-B64C987B7809}.Release|Any CPU.ActiveCfg = Release|Any CPU
		{9292F724-3E22-4972-9675-B64C987B7809}.Release|Any CPU.Build.0 = Release|Any CPU
		{57CD6F32-16CD-445B-84A0-F8A0D1324096}.Debug|Any CPU.ActiveCfg = Debug|Any CPU
		{57CD6F32-16CD-445B-84A0-F8A0D1324096}.Debug|Any CPU.Build.0 = Debug|Any CPU
		{57CD6F32-16CD-445B-84A0-F8A0D1324096}.Release|Any CPU.ActiveCfg = Release|Any CPU
		{57CD6F32-16CD-445B-84A0-F8A0D1324096}.Release|Any CPU.Build.0 = Release|Any CPU
	EndGlobalSection
	GlobalSection(SolutionProperties) = preSolution
		HideSolutionNode = FALSE
	EndGlobalSection
	GlobalSection(NestedProjects) = preSolution
		{BFE76545-3616-4335-9B20-683F8FF07AAE} = {6CA5D921-95C7-4B20-AA02-E7D317A72230}
		{55CCAC6A-1C74-4492-817F-96981BADBBE0} = {6CA5D921-95C7-4B20-AA02-E7D317A72230}
		{BF705FAD-4B77-4A75-9626-256E484060F4} = {6CA5D921-95C7-4B20-AA02-E7D317A72230}
		{A221E0AC-6D9C-4745-8133-01EB23083097} = {5102B779-9005-46F3-9A47-9EF2C4929AD7}
		{27886199-F012-48C4-AFCA-37BEBA97CE4E} = {5102B779-9005-46F3-9A47-9EF2C4929AD7}
		{3D0407FF-E8F4-4AE2-944E-9D036711BBC6} = {5102B779-9005-46F3-9A47-9EF2C4929AD7}
		{CDE9E5A0-7FA1-43C3-A481-BBE92FC42CAF} = {138FEC2E-E567-49C7-A803-E742B90CD2D6}
		{DBBD9806-AD8C-4671-89F2-0E859DC9CB2E} = {138FEC2E-E567-49C7-A803-E742B90CD2D6}
		{E1D48AC5-7792-464E-A471-D18ABBF302AC} = {138FEC2E-E567-49C7-A803-E742B90CD2D6}
		{32320EB1-D494-42EB-A053-5D06E2B4B427} = {CCE6713E-80F8-4D8E-9550-1BD848562ACF}
		{932C41C6-8C89-43D6-B6D2-0A78D32380AF} = {CCE6713E-80F8-4D8E-9550-1BD848562ACF}
		{B79539D7-4C3B-4548-A3D9-D0132021F2AA} = {CCE6713E-80F8-4D8E-9550-1BD848562ACF}
		{500A80A9-259B-43F1-B61F-D00E969C046D} = {476CA26F-263E-4ECF-A10B-1BA2E4F945A2}
		{C5251F7E-1F8D-4C97-B466-ABDF861D0705} = {476CA26F-263E-4ECF-A10B-1BA2E4F945A2}
		{5D19BA71-DEE0-4D68-9C9E-E780DBB90920} = {476CA26F-263E-4ECF-A10B-1BA2E4F945A2}
		{0CFC4CBC-D3AE-425B-B4E5-DCF7F0E88C5E} = {D825EF69-ACAB-4008-A225-F54A7503BB89}
		{CE190D66-BA8B-4827-B3E2-7FCE3322CC14} = {D825EF69-ACAB-4008-A225-F54A7503BB89}
		{40A6EBA1-81F4-4610-BB6F-B6617EA674D9} = {D825EF69-ACAB-4008-A225-F54A7503BB89}
		{5182DD91-D650-456E-AD5A-1AA306C99CDC} = {CCA4D402-E5F7-4F09-802E-5B1CFFF4CCD0}
		{2A138B76-D836-41BF-8B13-C25062539AFA} = {CCA4D402-E5F7-4F09-802E-5B1CFFF4CCD0}
		{4F98E954-4C94-47AB-8B25-46172579C592} = {CCA4D402-E5F7-4F09-802E-5B1CFFF4CCD0}
		{58294C9E-E192-4652-A44D-57F618600C58} = {E5D91D6F-18F0-43D0-B0B7-FEE205268B20}
		{9292F724-3E22-4972-9675-B64C987B7809} = {E5D91D6F-18F0-43D0-B0B7-FEE205268B20}
		{57CD6F32-16CD-445B-84A0-F8A0D1324096} = {E5D91D6F-18F0-43D0-B0B7-FEE205268B20}
	EndGlobalSection
	GlobalSection(ExtensibilityGlobals) = postSolution
		SolutionGuid = {899F3261-5AE5-4D8A-B759-E2781FFD3B31}
	EndGlobalSection
EndGlobal
