
Microsoft Visual Studio Solution File, Format Version 12.00
# Visual Studio Version 16
VisualStudioVersion = 16.0.33927.289
MinimumVisualStudioVersion = 10.0.40219.1
Project("{2150E333-8FDC-42A3-9474-1A3956D46DE8}") = "Task0", "Task0", "{6CA5D921-95C7-4B20-AA02-E7D317A72230}"
EndProject
Project("{FAE04EC0-301F-11D3-BF4B-00C04F79EFBC}") = "Tyuiu.MedvedevA.Sprint1.Task0.V5", "Tyuiu.MedvedevA.Sprint1.Task0.V5\Tyuiu.MedvedevA.Sprint1.Task0.V5.csproj", "{BFE76545-3616-4335-9B20-683F8FF07AAE}"
EndProject
Project("{FAE04EC0-301F-11D3-BF4B-00C04F79EFBC}") = "Tyuiu.MedvedevA.Sprint1.Task0.V5.Lib", "Tyuiu.MedvedevA.Sprint1.Task0.V5.Lib\Tyuiu.MedvedevA.Sprint1.Task0.V5.Lib.csproj", "{55CCAC6A-1C74-4492-817F-96981BADBBE0}"
EndProject
Project("{FAE04EC0-301F-11D3-BF4B-00C04F79EFBC}") = "Tyuiu.MedvedevA.Sprint1.Task0.V5.Test", "Tyuiu.MedvedevA.Sprint1.Task0.V5.Test\Tyuiu.MedvedevA.Sprint1.Task0.V5.Test.csproj", "{BF705FAD-4B77-4A75-9626-256E484060F4}"
EndProject
Project("{2150E333-8FDC-42A3-9474-1A3956D46DE8}") = "Task1", "Task1", "{5102B779-9005-46F3-9A47-9EF2C4929AD7}"
EndProject
Project("{FAE04EC0-301F-11D3-BF4B-00C04F79EFBC}") = "Tyuiu.MedvedevA.Sprint1.Task1.V22", "Tyuiu.MedvedevA.Sprint1.Task1.V22\Tyuiu.MedvedevA.Sprint1.Task1.V22.csproj", "{A221E0AC-6D9C-4745-8133-01EB23083097}"
EndProject
Project("{FAE04EC0-301F-11D3-BF4B-00C04F79EFBC}") = "Tyuiu.MedvedevA.Sprint1.Task1.V22.Lib", "Tyuiu.MedvedevA.Sprint1.Task1.V22.Lib\Tyuiu.MedvedevA.Sprint1.Task1.V22.Lib.csproj", "{27886199-F012-48C4-AFCA-37BEBA97CE4E}"
EndProject
Project("{FAE04EC0-301F-11D3-BF4B-00C04F79EFBC}") = "Tyuiu.MedvedevA.Sprint1.Task1.V22.Test", "Tyuiu.MedvedevA.Sprint1.Task1.V22.Test\Tyuiu.MedvedevA.Sprint1.Task1.V22.Test.csproj", "{3D0407FF-E8F4-4AE2-944E-9D036711BBC6}"
EndProject
Global
	GlobalSection(SolutionConfigurationPlatforms) = preSolution
		Debug|Any CPU = Debug|Any CPU
		Release|Any CPU = Release|Any CPU
	EndGlobalSection
	GlobalSection(ProjectConfigurationPlatforms) = postSolution
		{BFE76545-3616-4335-9B20-683F8FF07AAE}.Debug|Any CPU.ActiveCfg = Debug|Any CPU
		{BFE76545-3616-4335-9B20-683F8FF07AAE}.Debug|Any CPU.Build.0 = Debug|Any CPU
		{BFE76545-3616-4335-9B20-683F8FF07AAE}.Release|Any CPU.ActiveCfg = Release|Any CPU
		{BFE76545-3616-4335-9B20-683F8FF07AAE}.Release|Any CPU.Build.0 = Release|Any CPU
		{55CCAC6A-1C74-4492-817F-96981BADBBE0}.Debug|Any CPU.ActiveCfg = Debug|Any CPU
		{55CCAC6A-1C74-4492-817F-96981BADBBE0}.Debug|Any CPU.Build.0 = Debug|Any CPU
		{55CCAC6A-1C74-4492-817F-96981BADBBE0}.Release|Any CPU.ActiveCfg = Release|Any CPU
		{55CCAC6A-1C74-4492-817F-96981BADBBE0}.Release|Any CPU.Build.0 = Release|Any CPU
		{BF705FAD-4B77-4A75-9626-256E484060F4}.Debug|Any CPU.ActiveCfg = Debug|Any CPU
		{BF705FAD-4B77-4A75-9626-256E484060F4}.Debug|Any CPU.Build.0 = Debug|Any CPU
		{BF705FAD-4B77-4A75-9626-256E484060F4}.Release|Any CPU.ActiveCfg = Release|Any CPU
		{BF705FAD-4B77-4A75-9626-256E484060F4}.Release|Any CPU.Build.0 = Release|Any CPU
		{A221E0AC-6D9C-4745-8133-01EB23083097}.Debug|Any CPU.ActiveCfg = Debug|Any CPU
		{A221E0AC-6D9C-4745-8133-01EB23083097}.Debug|Any CPU.Build.0 = Debug|Any CPU
		{A221E0AC-6D9C-4745-8133-01EB23083097}.Release|Any CPU.ActiveCfg = Release|Any CPU
		{A221E0AC-6D9C-4745-8133-01EB23083097}.Release|Any CPU.Build.0 = Release|Any CPU
		{27886199-F012-48C4-AFCA-37BEBA97CE4E}.Debug|Any CPU.ActiveCfg = Debug|Any CPU
		{27886199-F012-48C4-AFCA-37BEBA97CE4E}.Debug|Any CPU.Build.0 = Debug|Any CPU
		{27886199-F012-48C4-AFCA-37BEBA97CE4E}.Release|Any CPU.ActiveCfg = Release|Any CPU
		{27886199-F012-48C4-AFCA-37BEBA97CE4E}.Release|Any CPU.Build.0 = Release|Any CPU
		{3D0407FF-E8F4-4AE2-944E-9D036711BBC6}.Debug|Any CPU.ActiveCfg = Debug|Any CPU
		{3D0407FF-E8F4-4AE2-944E-9D036711BBC6}.Debug|Any CPU.Build.0 = Debug|Any CPU
		{3D0407FF-E8F4-4AE2-944E-9D036711BBC6}.Release|Any CPU.ActiveCfg = Release|Any CPU
		{3D0407FF-E8F4-4AE2-944E-9D036711BBC6}.Release|Any CPU.Build.0 = Release|Any CPU
	EndGlobalSection
	GlobalSection(SolutionProperties) = preSolution
		HideSolutionNode = FALSE
	EndGlobalSection
	GlobalSection(NestedProjects) = preSolution
		{BFE76545-3616-4335-9B20-683F8FF07AAE} = {6CA5D921-95C7-4B20-AA02-E7D317A72230}
		{55CCAC6A-1C74-4492-817F-96981BADBBE0} = {6CA5D921-95C7-4B20-AA02-E7D317A72230}
		{BF705FAD-4B77-4A75-9626-256E484060F4} = {6CA5D921-95C7-4B20-AA02-E7D317A72230}
		{A221E0AC-6D9C-4745-8133-01EB23083097} = {5102B779-9005-46F3-9A47-9EF2C4929AD7}
		{27886199-F012-48C4-AFCA-37BEBA97CE4E} = {5102B779-9005-46F3-9A47-9EF2C4929AD7}
		{3D0407FF-E8F4-4AE2-944E-9D036711BBC6} = {5102B779-9005-46F3-9A47-9EF2C4929AD7}
	EndGlobalSection
	GlobalSection(ExtensibilityGlobals) = postSolution
		SolutionGuid = {899F3261-5AE5-4D8A-B759-E2781FFD3B31}
	EndGlobalSection
EndGlobal
